
Microsoft Visual Studio Solution File, Format Version 12.00
# Visual Studio 15
Project("{FAE04EC0-301F-11D3-BF4B-00C04F79EFBC}") = "Assembly-CSharp", "Assembly-CSharp.csproj", "{536A1D59-2C09-F13D-6C1A-8F5C5830BE90}"
EndProject
Project("{FAE04EC0-301F-11D3-BF4B-00C04F79EFBC}") = "Assembly-CSharp-Editor", "Assembly-CSharp-Editor.csproj", "{3492C52C-D226-5399-1946-EF6D851BACFC}"
EndProject
Global
	GlobalSection(SolutionConfigurationPlatforms) = preSolution
		Debug|Any CPU = Debug|Any CPU
		Release|Any CPU = Release|Any CPU
	EndGlobalSection
	GlobalSection(ProjectConfigurationPlatforms) = postSolution
		{536A1D59-2C09-F13D-6C1A-8F5C5830BE90}.Debug|Any CPU.ActiveCfg = Debug|Any CPU
		{536A1D59-2C09-F13D-6C1A-8F5C5830BE90}.Debug|Any CPU.Build.0 = Debug|Any CPU
		{536A1D59-2C09-F13D-6C1A-8F5C5830BE90}.Release|Any CPU.ActiveCfg = Release|Any CPU
		{536A1D59-2C09-F13D-6C1A-8F5C5830BE90}.Release|Any CPU.Build.0 = Release|Any CPU
		{3492C52C-D226-5399-1946-EF6D851BACFC}.Debug|Any CPU.ActiveCfg = Debug|Any CPU
		{3492C52C-D226-5399-1946-EF6D851BACFC}.Debug|Any CPU.Build.0 = Debug|Any CPU
		{3492C52C-D226-5399-1946-EF6D851BACFC}.Release|Any CPU.ActiveCfg = Release|Any CPU
		{3492C52C-D226-5399-1946-EF6D851BACFC}.Release|Any CPU.Build.0 = Release|Any CPU
	EndGlobalSection
	GlobalSection(SolutionProperties) = preSolution
		HideSolutionNode = FALSE
	EndGlobalSection
EndGlobal
